
Microsoft Visual Studio Solution File, Format Version 10.00
# Visual Studio 2008
Project("{2150E333-8FDC-42A3-9474-1A3956D46DE8}") = "Solution Items", "Solution Items", "{7164D16A-55C1-4AE6-8D57-9E4C28E92053}"
	ProjectSection(SolutionItems) = preProject
		DotNetMarche.MsTest.vsmdi = DotNetMarche.MsTest.vsmdi
		DotNetMarche.MsTest1.vsmdi = DotNetMarche.MsTest1.vsmdi
		LocalTestRun.testrunconfig = LocalTestRun.testrunconfig
	EndProjectSection
EndProject
Project("{FAE04EC0-301F-11D3-BF4B-00C04F79EFBC}") = "DotNetMarche.MsTest", "Test\DotNetMarche.MsTest\DotNetMarche.MsTest.csproj", "{35E7B7EC-727C-4C8B-AF78-25ACDB788941}"
EndProject
Project("{FAE04EC0-301F-11D3-BF4B-00C04F79EFBC}") = "DotNetMarche.MsTest.Test", "Test\DotNetMarche.MsTest.Test\DotNetMarche.MsTest.Test.csproj", "{74A29692-BE5F-4E4F-BC1D-E332A533E3B1}"
EndProject
Project("{FAE04EC0-301F-11D3-BF4B-00C04F79EFBC}") = "DotNetMarche.TestHelpers", "Infrastructure\DotNetMarche.TestHelpers\DotNetMarche.TestHelpers.csproj", "{A0D3CD36-443B-4899-A455-7B4BFC955383}"
EndProject
Global
	GlobalSection(TestCaseManagementSettings) = postSolution
		CategoryFile = DotNetMarche.MsTest1.vsmdi
	EndGlobalSection
	GlobalSection(SolutionConfigurationPlatforms) = preSolution
		Debug|Any CPU = Debug|Any CPU
		Release|Any CPU = Release|Any CPU
	EndGlobalSection
	GlobalSection(ProjectConfigurationPlatforms) = postSolution
		{35E7B7EC-727C-4C8B-AF78-25ACDB788941}.Debug|Any CPU.ActiveCfg = Debug|Any CPU
		{35E7B7EC-727C-4C8B-AF78-25ACDB788941}.Debug|Any CPU.Build.0 = Debug|Any CPU
		{35E7B7EC-727C-4C8B-AF78-25ACDB788941}.Release|Any CPU.ActiveCfg = Release|Any CPU
		{35E7B7EC-727C-4C8B-AF78-25ACDB788941}.Release|Any CPU.Build.0 = Release|Any CPU
		{74A29692-BE5F-4E4F-BC1D-E332A533E3B1}.Debug|Any CPU.ActiveCfg = Debug|Any CPU
		{74A29692-BE5F-4E4F-BC1D-E332A533E3B1}.Debug|Any CPU.Build.0 = Debug|Any CPU
		{74A29692-BE5F-4E4F-BC1D-E332A533E3B1}.Release|Any CPU.ActiveCfg = Release|Any CPU
		{74A29692-BE5F-4E4F-BC1D-E332A533E3B1}.Release|Any CPU.Build.0 = Release|Any CPU
		{A0D3CD36-443B-4899-A455-7B4BFC955383}.Debug|Any CPU.ActiveCfg = Debug|Any CPU
		{A0D3CD36-443B-4899-A455-7B4BFC955383}.Debug|Any CPU.Build.0 = Debug|Any CPU
		{A0D3CD36-443B-4899-A455-7B4BFC955383}.Release|Any CPU.ActiveCfg = Release|Any CPU
		{A0D3CD36-443B-4899-A455-7B4BFC955383}.Release|Any CPU.Build.0 = Release|Any CPU
	EndGlobalSection
	GlobalSection(SolutionProperties) = preSolution
		HideSolutionNode = FALSE
	EndGlobalSection
EndGlobal
