
Microsoft Visual Studio Solution File, Format Version 10.00
# Visual Studio 2008
Project("{FAE04EC0-301F-11D3-BF4B-00C04F79EFBC}") = "FakeCloneTree", "FakeCloneTree\FakeCloneTree.csproj", "{48F97D5A-6EE1-425C-803B-711A18B54270}"
EndProject
Global
	GlobalSection(SolutionConfigurationPlatforms) = preSolution
		Debug|Any CPU = Debug|Any CPU
		Release|Any CPU = Release|Any CPU
	EndGlobalSection
	GlobalSection(ProjectConfigurationPlatforms) = postSolution
		{48F97D5A-6EE1-425C-803B-711A18B54270}.Debug|Any CPU.ActiveCfg = Debug|Any CPU
		{48F97D5A-6EE1-425C-803B-711A18B54270}.Debug|Any CPU.Build.0 = Debug|Any CPU
		{48F97D5A-6EE1-425C-803B-711A18B54270}.Release|Any CPU.ActiveCfg = Release|Any CPU
		{48F97D5A-6EE1-425C-803B-711A18B54270}.Release|Any CPU.Build.0 = Release|Any CPU
	EndGlobalSection
	GlobalSection(SolutionProperties) = preSolution
		HideSolutionNode = FALSE
	EndGlobalSection
EndGlobal
