
Microsoft Visual Studio Solution File, Format Version 10.00
# Visual Studio 2008
Project("{FAE04EC0-301F-11D3-BF4B-00C04F79EFBC}") = "DotNetMarche.PhotoAlbum.Model", "DotNetMarche.PhotoAlbum.Model\DotNetMarche.PhotoAlbum.Model.csproj", "{FEF740EF-2932-43BB-8E86-8B3ED1C33E06}"
EndProject
Project("{FAE04EC0-301F-11D3-BF4B-00C04F79EFBC}") = "DotNetMarche.PhotoAlbum.Service", "DotNetMarche.PhotoAlbum.Service\DotNetMarche.PhotoAlbum.Service.csproj", "{A40A6433-7D62-47C0-952F-2D4F13A301D7}"
EndProject
Project("{FAE04EC0-301F-11D3-BF4B-00C04F79EFBC}") = "DotNetMarche.PhotoAlbum.Ui.AspNet", "DotNetMarche.PhotoAlbum.Ui.AspNet\DotNetMarche.PhotoAlbum.Ui.AspNet.csproj", "{342D0E21-D11C-483A-A77C-4C925E172F1C}"
EndProject
Project("{FAE04EC0-301F-11D3-BF4B-00C04F79EFBC}") = "DotNetMarche.PhotoAlbum.Test", "DotNetMarche.PhotoAlbum.Test\DotNetMarche.PhotoAlbum.Test.csproj", "{9708D629-C86A-4B80-AF0E-C069E0CDAFCE}"
EndProject
Project("{FAE04EC0-301F-11D3-BF4B-00C04F79EFBC}") = "DotNetMarche.Utils", "..\..\Common\DotNetMarche.Utils\DotNetMarche.Utils.csproj", "{F3CBC7EC-DB24-4B11-BE87-E8ABC076A29C}"
EndProject
Project("{FAE04EC0-301F-11D3-BF4B-00C04F79EFBC}") = "DotNetMarche.PhotoAlbum.Ui.Test", "DotNetMarche.PhotoAlbum.Ui.Test\DotNetMarche.PhotoAlbum.Ui.Test.csproj", "{4E7C7FFB-F572-4EAF-9806-8292DAC62B7C}"
EndProject
Global
	GlobalSection(SolutionConfigurationPlatforms) = preSolution
		Debug|Any CPU = Debug|Any CPU
		Release|Any CPU = Release|Any CPU
	EndGlobalSection
	GlobalSection(ProjectConfigurationPlatforms) = postSolution
		{FEF740EF-2932-43BB-8E86-8B3ED1C33E06}.Debug|Any CPU.ActiveCfg = Debug|Any CPU
		{FEF740EF-2932-43BB-8E86-8B3ED1C33E06}.Debug|Any CPU.Build.0 = Debug|Any CPU
		{FEF740EF-2932-43BB-8E86-8B3ED1C33E06}.Release|Any CPU.ActiveCfg = Release|Any CPU
		{FEF740EF-2932-43BB-8E86-8B3ED1C33E06}.Release|Any CPU.Build.0 = Release|Any CPU
		{A40A6433-7D62-47C0-952F-2D4F13A301D7}.Debug|Any CPU.ActiveCfg = Debug|Any CPU
		{A40A6433-7D62-47C0-952F-2D4F13A301D7}.Debug|Any CPU.Build.0 = Debug|Any CPU
		{A40A6433-7D62-47C0-952F-2D4F13A301D7}.Release|Any CPU.ActiveCfg = Release|Any CPU
		{A40A6433-7D62-47C0-952F-2D4F13A301D7}.Release|Any CPU.Build.0 = Release|Any CPU
		{342D0E21-D11C-483A-A77C-4C925E172F1C}.Debug|Any CPU.ActiveCfg = Debug|Any CPU
		{342D0E21-D11C-483A-A77C-4C925E172F1C}.Debug|Any CPU.Build.0 = Debug|Any CPU
		{342D0E21-D11C-483A-A77C-4C925E172F1C}.Release|Any CPU.ActiveCfg = Release|Any CPU
		{342D0E21-D11C-483A-A77C-4C925E172F1C}.Release|Any CPU.Build.0 = Release|Any CPU
		{9708D629-C86A-4B80-AF0E-C069E0CDAFCE}.Debug|Any CPU.ActiveCfg = Debug|Any CPU
		{9708D629-C86A-4B80-AF0E-C069E0CDAFCE}.Debug|Any CPU.Build.0 = Debug|Any CPU
		{9708D629-C86A-4B80-AF0E-C069E0CDAFCE}.Release|Any CPU.ActiveCfg = Release|Any CPU
		{9708D629-C86A-4B80-AF0E-C069E0CDAFCE}.Release|Any CPU.Build.0 = Release|Any CPU
		{F3CBC7EC-DB24-4B11-BE87-E8ABC076A29C}.Debug|Any CPU.ActiveCfg = Debug|Any CPU
		{F3CBC7EC-DB24-4B11-BE87-E8ABC076A29C}.Debug|Any CPU.Build.0 = Debug|Any CPU
		{F3CBC7EC-DB24-4B11-BE87-E8ABC076A29C}.Release|Any CPU.ActiveCfg = Release|Any CPU
		{F3CBC7EC-DB24-4B11-BE87-E8ABC076A29C}.Release|Any CPU.Build.0 = Release|Any CPU
		{4E7C7FFB-F572-4EAF-9806-8292DAC62B7C}.Debug|Any CPU.ActiveCfg = Debug|Any CPU
		{4E7C7FFB-F572-4EAF-9806-8292DAC62B7C}.Debug|Any CPU.Build.0 = Debug|Any CPU
		{4E7C7FFB-F572-4EAF-9806-8292DAC62B7C}.Release|Any CPU.ActiveCfg = Release|Any CPU
		{4E7C7FFB-F572-4EAF-9806-8292DAC62B7C}.Release|Any CPU.Build.0 = Release|Any CPU
	EndGlobalSection
	GlobalSection(SolutionProperties) = preSolution
		HideSolutionNode = FALSE
	EndGlobalSection
EndGlobal
